<?xml version="1.0" encoding="utf-8"?>
<Project ToolsVersion="4.0" xmlns="http://schemas.microsoft.com/developer/msbuild/2003">
  <ItemGroup>
    <Filter Include="Fichiers sources">
      <UniqueIdentifier>{4FC737F1-C7A5-4376-A066-2A32D752A2FF}</UniqueIdentifier>
      <Extensions>cpp;c;cc;cxx;c++;cppm;ixx;def;odl;idl;hpj;bat;asm;asmx</Extensions>
    </Filter>
    <Filter Include="Fichiers d%27en-tête">
      <UniqueIdentifier>{93995380-89BD-4b04-88EB-625FBE52EBFB}</UniqueIdentifier>
      <Extensions>h;hh;hpp;hxx;h++;hm;inl;inc;ipp;xsd</Extensions>
    </Filter>
    <Filter Include="Fichiers de ressources">
      <UniqueIdentifier>{67DA6AB6-F800-4c08-8B7A-83BB121AAD01}</UniqueIdentifier>
      <Extensions>rc;ico;cur;bmp;dlg;rc2;rct;bin;rgs;gif;jpg;jpeg;jpe;resx;tiff;tif;png;wav;mfcribbon-ms</Extensions>
    </Filter>
    <Filter Include="Fichiers d%27en-tête\Engine">
      <UniqueIdentifier>{8e291933-3559-4a68-87a2-8536176b9679}</UniqueIdentifier>
    </Filter>
    <Filter Include="Fichiers d%27en-tête\Engine\EntityComponent">
      <UniqueIdentifier>{12e4fd01-78c6-489b-b72a-33c0c47fd73f}</UniqueIdentifier>
    </Filter>
    <Filter Include="Fichiers d%27en-tête\Engine\EntityComponent\Components">
      <UniqueIdentifier>{bee8da63-67ed-4fd4-a948-4f22841b6186}</UniqueIdentifier>
    </Filter>
    <Filter Include="Fichiers d%27en-tête\Engine\Input">
      <UniqueIdentifier>{646c5457-131a-4bbd-8974-6ff0983eaa89}</UniqueIdentifier>
    </Filter>
    <Filter Include="Fichiers d%27en-tête\Engine\Mesh">
      <UniqueIdentifier>{801c1c70-a38e-4725-9c45-2583d8654363}</UniqueIdentifier>
    </Filter>
    <Filter Include="Fichiers d%27en-tête\Engine\RendererObject">
      <UniqueIdentifier>{f48bfa4f-0909-4323-880f-ee7acb4201a8}</UniqueIdentifier>
    </Filter>
    <Filter Include="Fichiers d%27en-tête\Engine\RendererObject\Shader">
      <UniqueIdentifier>{7fe3bcbd-c5c2-468f-8b7a-10acb41999c4}</UniqueIdentifier>
    </Filter>
    <Filter Include="Fichiers d%27en-tête\Engine\Texture">
      <UniqueIdentifier>{a109ca7d-a938-4201-8ffb-9b6b5c3f0048}</UniqueIdentifier>
    </Filter>
    <Filter Include="Fichiers d%27en-tête\Engine\Timer">
      <UniqueIdentifier>{7de29567-1e15-4e44-b632-8dd4985c6f7a}</UniqueIdentifier>
    </Filter>
    <Filter Include="Fichiers d%27en-tête\Engine\Window">
      <UniqueIdentifier>{58f63a50-223c-4afb-88e4-212668f67698}</UniqueIdentifier>
    </Filter>
    <Filter Include="Fichiers sources\Engine">
      <UniqueIdentifier>{95d21116-ad5a-4f10-900c-206b90b7d1e7}</UniqueIdentifier>
    </Filter>
    <Filter Include="Fichiers sources\Engine\EntityComponent">
      <UniqueIdentifier>{bd569750-770b-4832-aef9-cc72d3c9ca10}</UniqueIdentifier>
    </Filter>
    <Filter Include="Fichiers sources\Engine\EntityComponent\Components">
      <UniqueIdentifier>{348fe82d-bcf8-41f0-9c79-b8b0c36e068d}</UniqueIdentifier>
    </Filter>
    <Filter Include="Fichiers sources\Engine\Input">
      <UniqueIdentifier>{bed29cdc-ac85-4811-b028-9c45ea87b15e}</UniqueIdentifier>
    </Filter>
    <Filter Include="Fichiers sources\Engine\Mesh">
      <UniqueIdentifier>{45a3de9d-8ce9-4b22-90a6-3433eb755eeb}</UniqueIdentifier>
    </Filter>
    <Filter Include="Fichiers sources\Engine\Window">
      <UniqueIdentifier>{2afebbc3-a4fa-4632-a030-10edb1bea3ca}</UniqueIdentifier>
    </Filter>
    <Filter Include="Fichiers sources\Engine\Texture">
      <UniqueIdentifier>{a18ca912-fc1e-4cde-aa80-8af235649402}</UniqueIdentifier>
    </Filter>
    <Filter Include="Fichiers sources\Engine\RendererObject">
      <UniqueIdentifier>{fff180cf-424c-455b-b769-9ed1608de698}</UniqueIdentifier>
    </Filter>
    <Filter Include="Fichiers sources\Engine\RendererObject\Shader">
      <UniqueIdentifier>{c2f39310-0d6e-4561-ad7b-15d5efce6354}</UniqueIdentifier>
    </Filter>
    <Filter Include="Fichiers d%27en-tête\Game">
      <UniqueIdentifier>{f9a5dd74-9912-4440-b47f-a9ebea00892a}</UniqueIdentifier>
    </Filter>
    <Filter Include="Fichiers sources\Game">
      <UniqueIdentifier>{f227f7ca-9531-4daf-a169-85715019b0ed}</UniqueIdentifier>
    </Filter>
    <Filter Include="Fichiers de ressources\Shaders">
      <UniqueIdentifier>{596063d8-2191-43f8-abd4-3ad584576475}</UniqueIdentifier>
    </Filter>
    <Filter Include="Fichiers d%27en-tête\Engine\EntityComponent\UIComponents">
      <UniqueIdentifier>{ca9ce90b-14af-4a92-8cfe-6c66bfd2b43b}</UniqueIdentifier>
    </Filter>
    <Filter Include="Fichiers sources\Engine\EntityComponent\UIComponents">
      <UniqueIdentifier>{fbd48ca3-1707-4d26-ba28-0bf96827c435}</UniqueIdentifier>
    </Filter>
  </ItemGroup>
  <ItemGroup>
    <ClCompile Include="scr\Engine\EntityComponent\Components\Camera.cpp">
      <Filter>Fichiers sources\Engine\EntityComponent\Components</Filter>
    </ClCompile>
    <ClCompile Include="scr\Engine\EntityComponent\Components\StaticMesh.cpp">
      <Filter>Fichiers sources\Engine\EntityComponent\Components</Filter>
    </ClCompile>
    <ClCompile Include="scr\Engine\EntityComponent\Entity.cpp">
      <Filter>Fichiers sources\Engine\EntityComponent</Filter>
    </ClCompile>
    <ClCompile Include="scr\Engine\EntityComponent\Scene.cpp">
      <Filter>Fichiers sources\Engine\EntityComponent</Filter>
    </ClCompile>
    <ClCompile Include="scr\Engine\EntityComponent\TransformData.cpp">
      <Filter>Fichiers sources\Engine\EntityComponent</Filter>
    </ClCompile>
    <ClCompile Include="scr\Engine\Input\Inputs.cpp">
      <Filter>Fichiers sources\Engine\Input</Filter>
    </ClCompile>
    <ClCompile Include="scr\Engine\Mesh\Mesh.cpp">
      <Filter>Fichiers sources\Engine\Mesh</Filter>
    </ClCompile>
    <ClCompile Include="scr\Engine\Mesh\MeshLoader.cpp">
      <Filter>Fichiers sources\Engine\Mesh</Filter>
    </ClCompile>
    <ClCompile Include="scr\Engine\RendererObject\Shader\Shader.cpp">
      <Filter>Fichiers sources\Engine\RendererObject\Shader</Filter>
    </ClCompile>
    <ClCompile Include="scr\Engine\RendererObject\Shader\ShaderProgram.cpp">
      <Filter>Fichiers sources\Engine\RendererObject\Shader</Filter>
    </ClCompile>
    <ClCompile Include="scr\Engine\RendererObject\Buffer.cpp">
      <Filter>Fichiers sources\Engine\RendererObject</Filter>
    </ClCompile>
    <ClCompile Include="scr\Engine\RendererObject\InstancedMap.cpp">
      <Filter>Fichiers sources\Engine\RendererObject</Filter>
    </ClCompile>
    <ClCompile Include="scr\Engine\RendererObject\Renderer.cpp">
      <Filter>Fichiers sources\Engine\RendererObject</Filter>
    </ClCompile>
    <ClCompile Include="scr\Engine\RendererObject\RenderObjectData.cpp">
      <Filter>Fichiers sources\Engine\RendererObject</Filter>
    </ClCompile>
    <ClCompile Include="scr\Engine\RendererObject\VertexArray.cpp">
      <Filter>Fichiers sources\Engine\RendererObject</Filter>
    </ClCompile>
    <ClCompile Include="scr\Engine\Texture\Texture.cpp">
      <Filter>Fichiers sources\Engine\Texture</Filter>
    </ClCompile>
    <ClCompile Include="scr\Engine\Window\Window.cpp">
      <Filter>Fichiers sources\Engine\Window</Filter>
    </ClCompile>
    <ClCompile Include="scr\main.cpp">
      <Filter>Fichiers sources</Filter>
    </ClCompile>
    <ClCompile Include="scr\Engine\EntityComponent\Components\Material.cpp">
      <Filter>Fichiers sources\Engine\EntityComponent\Components</Filter>
    </ClCompile>
    <ClCompile Include="scr\Engine\EntityComponent\EnableObject.cpp">
      <Filter>Fichiers sources\Engine\EntityComponent</Filter>
    </ClCompile>
    <ClCompile Include="src\Game\Components\CharacterController.cpp">
      <Filter>Fichiers sources\Game</Filter>
    </ClCompile>
    <ClCompile Include="scr\Engine\EntityComponent\UIComponents\Image.cpp">
      <Filter>Fichiers sources\Engine\EntityComponent\UIComponents</Filter>
    </ClCompile>
    <ClCompile Include="scr\Engine\EntityComponent\UIComponents\Button.cpp">
      <Filter>Fichiers sources\Engine\EntityComponent\UIComponents</Filter>
    </ClCompile>
  </ItemGroup>
  <ItemGroup>
    <ClInclude Include="include\Engine\EntityComponent\Components\Camera.h">
      <Filter>Fichiers d%27en-tête\Engine\EntityComponent\Components</Filter>
    </ClInclude>
    <ClInclude Include="include\Engine\EntityComponent\Components\StaticMesh.h">
      <Filter>Fichiers d%27en-tête\Engine\EntityComponent\Components</Filter>
    </ClInclude>
    <ClInclude Include="include\Engine\EntityComponent\Component.h">
      <Filter>Fichiers d%27en-tête\Engine\EntityComponent</Filter>
    </ClInclude>
    <ClInclude Include="include\Engine\EntityComponent\Entity.h">
      <Filter>Fichiers d%27en-tête\Engine\EntityComponent</Filter>
    </ClInclude>
    <ClInclude Include="include\Engine\EntityComponent\Scene.h">
      <Filter>Fichiers d%27en-tête\Engine\EntityComponent</Filter>
    </ClInclude>
    <ClInclude Include="include\Engine\EntityComponent\TransformData.h">
      <Filter>Fichiers d%27en-tête\Engine\EntityComponent</Filter>
    </ClInclude>
    <ClInclude Include="include\Engine\Input\InputAction.h">
      <Filter>Fichiers d%27en-tête\Engine\Input</Filter>
    </ClInclude>
    <ClInclude Include="include\Engine\Input\Inputs.h">
      <Filter>Fichiers d%27en-tête\Engine\Input</Filter>
    </ClInclude>
    <ClInclude Include="include\Engine\Input\KeyCode.h">
      <Filter>Fichiers d%27en-tête\Engine\Input</Filter>
    </ClInclude>
    <ClInclude Include="include\Engine\Mesh\Mesh.h">
      <Filter>Fichiers d%27en-tête\Engine\Mesh</Filter>
    </ClInclude>
    <ClInclude Include="include\Engine\Mesh\MeshLoader.h">
      <Filter>Fichiers d%27en-tête\Engine\Mesh</Filter>
    </ClInclude>
    <ClInclude Include="include\Engine\Mesh\tiny_obj_loader.h">
      <Filter>Fichiers d%27en-tête\Engine\Mesh</Filter>
    </ClInclude>
    <ClInclude Include="include\Engine\RendererObject\Shader\Shader.h">
      <Filter>Fichiers d%27en-tête\Engine\RendererObject\Shader</Filter>
    </ClInclude>
    <ClInclude Include="include\Engine\RendererObject\Shader\ShaderProgram.h">
      <Filter>Fichiers d%27en-tête\Engine\RendererObject\Shader</Filter>
    </ClInclude>
    <ClInclude Include="include\Engine\RendererObject\Buffer.h">
      <Filter>Fichiers d%27en-tête\Engine\RendererObject</Filter>
    </ClInclude>
    <ClInclude Include="include\Engine\RendererObject\InstancedMap.h">
      <Filter>Fichiers d%27en-tête\Engine\RendererObject</Filter>
    </ClInclude>
    <ClInclude Include="include\Engine\RendererObject\Renderer.h">
      <Filter>Fichiers d%27en-tête\Engine\RendererObject</Filter>
    </ClInclude>
    <ClInclude Include="include\Engine\RendererObject\RenderObjectData.h">
      <Filter>Fichiers d%27en-tête\Engine\RendererObject</Filter>
    </ClInclude>
    <ClInclude Include="include\Engine\RendererObject\VertexArray.h">
      <Filter>Fichiers d%27en-tête\Engine\RendererObject</Filter>
    </ClInclude>
    <ClInclude Include="include\Engine\Texture\stb_image.h">
      <Filter>Fichiers d%27en-tête\Engine\Texture</Filter>
    </ClInclude>
    <ClInclude Include="include\Engine\Texture\Texture.h">
      <Filter>Fichiers d%27en-tête\Engine\Texture</Filter>
    </ClInclude>
    <ClInclude Include="include\Engine\Timer\HandleTimer.h">
      <Filter>Fichiers d%27en-tête\Engine\Timer</Filter>
    </ClInclude>
    <ClInclude Include="include\Engine\Window\Window.h">
      <Filter>Fichiers d%27en-tête\Engine\Window</Filter>
    </ClInclude>
    <ClInclude Include="include\Engine\EntityComponent\Components\Material.h">
      <Filter>Fichiers d%27en-tête\Engine\EntityComponent\Components</Filter>
    </ClInclude>
    <ClInclude Include="include\Engine\EntityComponent\EnableObject.h">
      <Filter>Fichiers d%27en-tête\Engine\EntityComponent</Filter>
    </ClInclude>
    <ClInclude Include="include\Game\Components\CharacterController.h">
      <Filter>Fichiers d%27en-tête\Game</Filter>
    </ClInclude>
    <ClInclude Include="include\Engine\EntityComponent\UIComponents\Image.h">
      <Filter>Fichiers d%27en-tête\Engine\EntityComponent\UIComponents</Filter>
    </ClInclude>
    <ClInclude Include="include\Engine\EntityComponent\UIComponents\UIElements.h">
      <Filter>Fichiers d%27en-tête\Engine\EntityComponent\UIComponents</Filter>
    </ClInclude>
    <ClInclude Include="include\Engine\EntityComponent\UIComponents\Button.h">
      <Filter>Fichiers d%27en-tête\Engine\EntityComponent\UIComponents</Filter>
    </ClInclude>
  </ItemGroup>
  <ItemGroup>
    <None Include="Ressources\Shaders\fragmentNoTexture.frag">
      <Filter>Fichiers de ressources\Shaders</Filter>
    </None>
    <None Include="Ressources\Shaders\fragmentTexture.frag">
      <Filter>Fichiers de ressources\Shaders</Filter>
    </None>
    <None Include="Ressources\Shaders\vertex.vert">
      <Filter>Fichiers de ressources\Shaders</Filter>
    </None>
    <None Include="Ressources\Shaders\uiFragment.frag">
      <Filter>Fichiers de ressources\Shaders</Filter>
    </None>
    <None Include="Ressources\Shaders\uiVertex.vert">
      <Filter>Fichiers de ressources\Shaders</Filter>
    </None>
  </ItemGroup>
</Project>